// !$*UTF8*$!
{
	archiveVersion = 1;
	classes = {
	};
	objectVersion = 46;
	objects = {

/* Begin PBXBuildFile section */
		A5319D161A748F2500468944 /* MobileCoreServices.framework in Frameworks */ = {isa = PBXBuildFile; fileRef = A5319D151A748F2500468944 /* MobileCoreServices.framework */; };
		A5319D1E1A74D5D100468944 /* FilterViewController.swift in Sources */ = {isa = PBXBuildFile; fileRef = A5319D1D1A74D5D100468944 /* FilterViewController.swift */; };
		A5319D221A74E7D600468944 /* FilterCell.swift in Sources */ = {isa = PBXBuildFile; fileRef = A5319D211A74E7D600468944 /* FilterCell.swift */; };
		A57A117C1A76EC2A0060B323 /* ImageSearchResultCell.swift in Sources */ = {isa = PBXBuildFile; fileRef = A57A117B1A76EC2A0060B323 /* ImageSearchResultCell.swift */; };
		A57A117E1A76EE130060B323 /* ImageSearchViewController.swift in Sources */ = {isa = PBXBuildFile; fileRef = A57A117D1A76EE130060B323 /* ImageSearchViewController.swift */; };
		A585100B1A730D220025F893 /* ImageCell.swift in Sources */ = {isa = PBXBuildFile; fileRef = A585100A1A730D220025F893 /* ImageCell.swift */; };
		A5AF1D171A6F4AB10005B82B /* AppDelegate.swift in Sources */ = {isa = PBXBuildFile; fileRef = A5AF1D161A6F4AB10005B82B /* AppDelegate.swift */; };
		A5AF1D1A1A6F4AB10005B82B /* Spruce.xcdatamodeld in Sources */ = {isa = PBXBuildFile; fileRef = A5AF1D181A6F4AB10005B82B /* Spruce.xcdatamodeld */; };
		A5AF1D1C1A6F4AB10005B82B /* ViewController.swift in Sources */ = {isa = PBXBuildFile; fileRef = A5AF1D1B1A6F4AB10005B82B /* ViewController.swift */; };
		A5AF1D1F1A6F4AB10005B82B /* Main.storyboard in Resources */ = {isa = PBXBuildFile; fileRef = A5AF1D1D1A6F4AB10005B82B /* Main.storyboard */; };
		A5AF1D211A6F4AB10005B82B /* Images.xcassets in Resources */ = {isa = PBXBuildFile; fileRef = A5AF1D201A6F4AB10005B82B /* Images.xcassets */; };
		A5AF1D241A6F4AB10005B82B /* LaunchScreen.xib in Resources */ = {isa = PBXBuildFile; fileRef = A5AF1D221A6F4AB10005B82B /* LaunchScreen.xib */; };
		A5AF1D301A6F4AB10005B82B /* SpruceTests.swift in Sources */ = {isa = PBXBuildFile; fileRef = A5AF1D2F1A6F4AB10005B82B /* SpruceTests.swift */; };
		A5AF1D3A1A6F546B0005B82B /* Social.framework in Frameworks */ = {isa = PBXBuildFile; fileRef = A5AF1D391A6F546B0005B82B /* Social.framework */; };
		A5AF1D3C1A6F57120005B82B /* fei_img.jpg in Resources */ = {isa = PBXBuildFile; fileRef = A5AF1D3B1A6F57120005B82B /* fei_img.jpg */; };
/* End PBXBuildFile section */

/* Begin PBXContainerItemProxy section */
		A5AF1D2A1A6F4AB10005B82B /* PBXContainerItemProxy */ = {
			isa = PBXContainerItemProxy;
			containerPortal = A5AF1D091A6F4AB10005B82B /* Project object */;
			proxyType = 1;
			remoteGlobalIDString = A5AF1D101A6F4AB10005B82B;
			remoteInfo = Spruce;
		};
/* End PBXContainerItemProxy section */

/* Begin PBXFileReference section */
		A5319D151A748F2500468944 /* MobileCoreServices.framework */ = {isa = PBXFileReference; lastKnownFileType = wrapper.framework; name = MobileCoreServices.framework; path = System/Library/Frameworks/MobileCoreServices.framework; sourceTree = SDKROOT; };
		A5319D1D1A74D5D100468944 /* FilterViewController.swift */ = {isa = PBXFileReference; fileEncoding = 4; lastKnownFileType = sourcecode.swift; path = FilterViewController.swift; sourceTree = "<group>"; };
		A5319D211A74E7D600468944 /* FilterCell.swift */ = {isa = PBXFileReference; fileEncoding = 4; lastKnownFileType = sourcecode.swift; path = FilterCell.swift; sourceTree = "<group>"; };
		A57A117B1A76EC2A0060B323 /* ImageSearchResultCell.swift */ = {isa = PBXFileReference; fileEncoding = 4; lastKnownFileType = sourcecode.swift; path = ImageSearchResultCell.swift; sourceTree = "<group>"; };
		A57A117D1A76EE130060B323 /* ImageSearchViewController.swift */ = {isa = PBXFileReference; fileEncoding = 4; lastKnownFileType = sourcecode.swift; name = ImageSearchViewController.swift; path = ../ImageSearchViewController.swift; sourceTree = "<group>"; };
		A585100A1A730D220025F893 /* ImageCell.swift */ = {isa = PBXFileReference; fileEncoding = 4; lastKnownFileType = sourcecode.swift; path = ImageCell.swift; sourceTree = "<group>"; };
		A5AF1D111A6F4AB10005B82B /* Spruce.app */ = {isa = PBXFileReference; explicitFileType = wrapper.application; includeInIndex = 0; path = Spruce.app; sourceTree = BUILT_PRODUCTS_DIR; };
		A5AF1D151A6F4AB10005B82B /* Info.plist */ = {isa = PBXFileReference; lastKnownFileType = text.plist.xml; path = Info.plist; sourceTree = "<group>"; };
		A5AF1D161A6F4AB10005B82B /* AppDelegate.swift */ = {isa = PBXFileReference; lastKnownFileType = sourcecode.swift; path = AppDelegate.swift; sourceTree = "<group>"; };
		A5AF1D191A6F4AB10005B82B /* Spruce.xcdatamodel */ = {isa = PBXFileReference; lastKnownFileType = wrapper.xcdatamodel; path = Spruce.xcdatamodel; sourceTree = "<group>"; };
		A5AF1D1B1A6F4AB10005B82B /* ViewController.swift */ = {isa = PBXFileReference; lastKnownFileType = sourcecode.swift; path = ViewController.swift; sourceTree = "<group>"; };
		A5AF1D1E1A6F4AB10005B82B /* Base */ = {isa = PBXFileReference; lastKnownFileType = file.storyboard; name = Base; path = Base.lproj/Main.storyboard; sourceTree = "<group>"; };
		A5AF1D201A6F4AB10005B82B /* Images.xcassets */ = {isa = PBXFileReference; lastKnownFileType = folder.assetcatalog; path = Images.xcassets; sourceTree = "<group>"; };
		A5AF1D231A6F4AB10005B82B /* Base */ = {isa = PBXFileReference; lastKnownFileType = file.xib; name = Base; path = Base.lproj/LaunchScreen.xib; sourceTree = "<group>"; };
		A5AF1D291A6F4AB10005B82B /* SpruceTests.xctest */ = {isa = PBXFileReference; explicitFileType = wrapper.cfbundle; includeInIndex = 0; path = SpruceTests.xctest; sourceTree = BUILT_PRODUCTS_DIR; };
		A5AF1D2E1A6F4AB10005B82B /* Info.plist */ = {isa = PBXFileReference; lastKnownFileType = text.plist.xml; path = Info.plist; sourceTree = "<group>"; };
		A5AF1D2F1A6F4AB10005B82B /* SpruceTests.swift */ = {isa = PBXFileReference; lastKnownFileType = sourcecode.swift; path = SpruceTests.swift; sourceTree = "<group>"; };
		A5AF1D391A6F546B0005B82B /* Social.framework */ = {isa = PBXFileReference; lastKnownFileType = wrapper.framework; name = Social.framework; path = System/Library/Frameworks/Social.framework; sourceTree = SDKROOT; };
		A5AF1D3B1A6F57120005B82B /* fei_img.jpg */ = {isa = PBXFileReference; lastKnownFileType = image.jpeg; name = fei_img.jpg; path = ../../../../../../Desktop/fei_img.jpg; sourceTree = "<group>"; };
/* End PBXFileReference section */

/* Begin PBXFrameworksBuildPhase section */
		A5AF1D0E1A6F4AB10005B82B /* Frameworks */ = {
			isa = PBXFrameworksBuildPhase;
			buildActionMask = 2147483647;
			files = (
				A5319D161A748F2500468944 /* MobileCoreServices.framework in Frameworks */,
				A5AF1D3A1A6F546B0005B82B /* Social.framework in Frameworks */,
			);
			runOnlyForDeploymentPostprocessing = 0;
		};
		A5AF1D261A6F4AB10005B82B /* Frameworks */ = {
			isa = PBXFrameworksBuildPhase;
			buildActionMask = 2147483647;
			files = (
			);
			runOnlyForDeploymentPostprocessing = 0;
		};
/* End PBXFrameworksBuildPhase section */

/* Begin PBXGroup section */
		A5AF1D081A6F4AB10005B82B = {
			isa = PBXGroup;
			children = (
				A5319D151A748F2500468944 /* MobileCoreServices.framework */,
				A5AF1D391A6F546B0005B82B /* Social.framework */,
				A5AF1D131A6F4AB10005B82B /* Spruce */,
				A5AF1D2C1A6F4AB10005B82B /* SpruceTests */,
				A5AF1D121A6F4AB10005B82B /* Products */,
			);
			sourceTree = "<group>";
		};
		A5AF1D121A6F4AB10005B82B /* Products */ = {
			isa = PBXGroup;
			children = (
				A5AF1D111A6F4AB10005B82B /* Spruce.app */,
				A5AF1D291A6F4AB10005B82B /* SpruceTests.xctest */,
			);
			name = Products;
			sourceTree = "<group>";
		};
		A5AF1D131A6F4AB10005B82B /* Spruce */ = {
			isa = PBXGroup;
			children = (
				A5AF1D161A6F4AB10005B82B /* AppDelegate.swift */,
				A5AF1D1B1A6F4AB10005B82B /* ViewController.swift */,
				A5319D1D1A74D5D100468944 /* FilterViewController.swift */,
				A57A117D1A76EE130060B323 /* ImageSearchViewController.swift */,
				A5319D211A74E7D600468944 /* FilterCell.swift */,
				A57A117B1A76EC2A0060B323 /* ImageSearchResultCell.swift */,
				A5AF1D1D1A6F4AB10005B82B /* Main.storyboard */,
				A585100A1A730D220025F893 /* ImageCell.swift */,
				A5AF1D201A6F4AB10005B82B /* Images.xcassets */,
				A5AF1D221A6F4AB10005B82B /* LaunchScreen.xib */,
				A5AF1D181A6F4AB10005B82B /* Spruce.xcdatamodeld */,
				A5AF1D141A6F4AB10005B82B /* Supporting Files */,
			);
			path = Spruce;
			sourceTree = "<group>";
		};
		A5AF1D141A6F4AB10005B82B /* Supporting Files */ = {
			isa = PBXGroup;
			children = (
				A5AF1D3B1A6F57120005B82B /* fei_img.jpg */,
				A5AF1D151A6F4AB10005B82B /* Info.plist */,
			);
			name = "Supporting Files";
			sourceTree = "<group>";
		};
		A5AF1D2C1A6F4AB10005B82B /* SpruceTests */ = {
			isa = PBXGroup;
			children = (
				A5AF1D2F1A6F4AB10005B82B /* SpruceTests.swift */,
				A5AF1D2D1A6F4AB10005B82B /* Supporting Files */,
			);
			path = SpruceTests;
			sourceTree = "<group>";
		};
		A5AF1D2D1A6F4AB10005B82B /* Supporting Files */ = {
			isa = PBXGroup;
			children = (
				A5AF1D2E1A6F4AB10005B82B /* Info.plist */,
			);
			name = "Supporting Files";
			sourceTree = "<group>";
		};
/* End PBXGroup section */

/* Begin PBXNativeTarget section */
		A5AF1D101A6F4AB10005B82B /* Spruce */ = {
			isa = PBXNativeTarget;
			buildConfigurationList = A5AF1D331A6F4AB10005B82B /* Build configuration list for PBXNativeTarget "Spruce" */;
			buildPhases = (
				A5AF1D0D1A6F4AB10005B82B /* Sources */,
				A5AF1D0E1A6F4AB10005B82B /* Frameworks */,
				A5AF1D0F1A6F4AB10005B82B /* Resources */,
			);
			buildRules = (
			);
			dependencies = (
			);
			name = Spruce;
			productName = Spruce;
			productReference = A5AF1D111A6F4AB10005B82B /* Spruce.app */;
			productType = "com.apple.product-type.application";
		};
		A5AF1D281A6F4AB10005B82B /* SpruceTests */ = {
			isa = PBXNativeTarget;
			buildConfigurationList = A5AF1D361A6F4AB10005B82B /* Build configuration list for PBXNativeTarget "SpruceTests" */;
			buildPhases = (
				A5AF1D251A6F4AB10005B82B /* Sources */,
				A5AF1D261A6F4AB10005B82B /* Frameworks */,
				A5AF1D271A6F4AB10005B82B /* Resources */,
			);
			buildRules = (
			);
			dependencies = (
				A5AF1D2B1A6F4AB10005B82B /* PBXTargetDependency */,
			);
			name = SpruceTests;
			productName = SpruceTests;
			productReference = A5AF1D291A6F4AB10005B82B /* SpruceTests.xctest */;
			productType = "com.apple.product-type.bundle.unit-test";
		};
/* End PBXNativeTarget section */

/* Begin PBXProject section */
		A5AF1D091A6F4AB10005B82B /* Project object */ = {
			isa = PBXProject;
			attributes = {
				LastUpgradeCheck = 0610;
				ORGANIZATIONNAME = Fei;
				TargetAttributes = {
					A5AF1D101A6F4AB10005B82B = {
						CreatedOnToolsVersion = 6.1.1;
					};
					A5AF1D281A6F4AB10005B82B = {
						CreatedOnToolsVersion = 6.1.1;
						TestTargetID = A5AF1D101A6F4AB10005B82B;
					};
				};
			};
			buildConfigurationList = A5AF1D0C1A6F4AB10005B82B /* Build configuration list for PBXProject "Spruce" */;
			compatibilityVersion = "Xcode 3.2";
			developmentRegion = English;
			hasScannedForEncodings = 0;
			knownRegions = (
				en,
				Base,
			);
			mainGroup = A5AF1D081A6F4AB10005B82B;
			productRefGroup = A5AF1D121A6F4AB10005B82B /* Products */;
			projectDirPath = "";
			projectRoot = "";
			targets = (
				A5AF1D101A6F4AB10005B82B /* Spruce */,
				A5AF1D281A6F4AB10005B82B /* SpruceTests */,
			);
		};
/* End PBXProject section */

/* Begin PBXResourcesBuildPhase section */
		A5AF1D0F1A6F4AB10005B82B /* Resources */ = {
			isa = PBXResourcesBuildPhase;
			buildActionMask = 2147483647;
			files = (
				A5AF1D1F1A6F4AB10005B82B /* Main.storyboard in Resources */,
				A5AF1D241A6F4AB10005B82B /* LaunchScreen.xib in Resources */,
				A5AF1D3C1A6F57120005B82B /* fei_img.jpg in Resources */,
				A5AF1D211A6F4AB10005B82B /* Images.xcassets in Resources */,
			);
			runOnlyForDeploymentPostprocessing = 0;
		};
		A5AF1D271A6F4AB10005B82B /* Resources */ = {
			isa = PBXResourcesBuildPhase;
			buildActionMask = 2147483647;
			files = (
			);
			runOnlyForDeploymentPostprocessing = 0;
		};
/* End PBXResourcesBuildPhase section */

/* Begin PBXSourcesBuildPhase section */
		A5AF1D0D1A6F4AB10005B82B /* Sources */ = {
			isa = PBXSourcesBuildPhase;
			buildActionMask = 2147483647;
			files = (
				A5AF1D1C1A6F4AB10005B82B /* ViewController.swift in Sources */,
				A5319D221A74E7D600468944 /* FilterCell.swift in Sources */,
				A57A117E1A76EE130060B323 /* ImageSearchViewController.swift in Sources */,
				A585100B1A730D220025F893 /* ImageCell.swift in Sources */,
				A5AF1D171A6F4AB10005B82B /* AppDelegate.swift in Sources */,
				A5AF1D1A1A6F4AB10005B82B /* Spruce.xcdatamodeld in Sources */,
				A57A117C1A76EC2A0060B323 /* ImageSearchResultCell.swift in Sources */,
				A5319D1E1A74D5D100468944 /* FilterViewController.swift in Sources */,
			);
			runOnlyForDeploymentPostprocessing = 0;
		};
		A5AF1D251A6F4AB10005B82B /* Sources */ = {
			isa = PBXSourcesBuildPhase;
			buildActionMask = 2147483647;
			files = (
				A5AF1D301A6F4AB10005B82B /* SpruceTests.swift in Sources */,
			);
			runOnlyForDeploymentPostprocessing = 0;
		};
/* End PBXSourcesBuildPhase section */

/* Begin PBXTargetDependency section */
		A5AF1D2B1A6F4AB10005B82B /* PBXTargetDependency */ = {
			isa = PBXTargetDependency;
			target = A5AF1D101A6F4AB10005B82B /* Spruce */;
			targetProxy = A5AF1D2A1A6F4AB10005B82B /* PBXContainerItemProxy */;
		};
/* End PBXTargetDependency section */

/* Begin PBXVariantGroup section */
		A5AF1D1D1A6F4AB10005B82B /* Main.storyboard */ = {
			isa = PBXVariantGroup;
			children = (
				A5AF1D1E1A6F4AB10005B82B /* Base */,
			);
			name = Main.storyboard;
			sourceTree = "<group>";
		};
		A5AF1D221A6F4AB10005B82B /* LaunchScreen.xib */ = {
			isa = PBXVariantGroup;
			children = (
				A5AF1D231A6F4AB10005B82B /* Base */,
			);
			name = LaunchScreen.xib;
			sourceTree = "<group>";
		};
/* End PBXVariantGroup section */

/* Begin XCBuildConfiguration section */
		A5AF1D311A6F4AB10005B82B /* Debug */ = {
			isa = XCBuildConfiguration;
			buildSettings = {
				ALWAYS_SEARCH_USER_PATHS = NO;
				CLANG_CXX_LANGUAGE_STANDARD = "gnu++0x";
				CLANG_CXX_LIBRARY = "libc++";
				CLANG_ENABLE_MODULES = YES;
				CLANG_ENABLE_OBJC_ARC = YES;
				CLANG_WARN_BOOL_CONVERSION = YES;
				CLANG_WARN_CONSTANT_CONVERSION = YES;
				CLANG_WARN_DIRECT_OBJC_ISA_USAGE = YES_ERROR;
				CLANG_WARN_EMPTY_BODY = YES;
				CLANG_WARN_ENUM_CONVERSION = YES;
				CLANG_WARN_INT_CONVERSION = YES;
				CLANG_WARN_OBJC_ROOT_CLASS = YES_ERROR;
				CLANG_WARN_UNREACHABLE_CODE = YES;
				CLANG_WARN__DUPLICATE_METHOD_MATCH = YES;
				"CODE_SIGN_IDENTITY[sdk=iphoneos*]" = "iPhone Developer";
				COPY_PHASE_STRIP = NO;
				ENABLE_STRICT_OBJC_MSGSEND = YES;
				GCC_C_LANGUAGE_STANDARD = gnu99;
				GCC_DYNAMIC_NO_PIC = NO;
				GCC_OPTIMIZATION_LEVEL = 0;
				GCC_PREPROCESSOR_DEFINITIONS = (
					"DEBUG=1",
					"$(inherited)",
				);
				GCC_SYMBOLS_PRIVATE_EXTERN = NO;
				GCC_WARN_64_TO_32_BIT_CONVERSION = YES;
				GCC_WARN_ABOUT_RETURN_TYPE = YES_ERROR;
				GCC_WARN_UNDECLARED_SELECTOR = YES;
				GCC_WARN_UNINITIALIZED_AUTOS = YES_AGGRESSIVE;
				GCC_WARN_UNUSED_FUNCTION = YES;
				GCC_WARN_UNUSED_VARIABLE = YES;
				IPHONEOS_DEPLOYMENT_TARGET = 8.1;
				MTL_ENABLE_DEBUG_INFO = YES;
				ONLY_ACTIVE_ARCH = YES;
				SDKROOT = iphoneos;
				SWIFT_OPTIMIZATION_LEVEL = "-Onone";
				TARGETED_DEVICE_FAMILY = "1,2";
			};
			name = Debug;
		};
		A5AF1D321A6F4AB10005B82B /* Release */ = {
			isa = XCBuildConfiguration;
			buildSettings = {
				ALWAYS_SEARCH_USER_PATHS = NO;
				CLANG_CXX_LANGUAGE_STANDARD = "gnu++0x";
				CLANG_CXX_LIBRARY = "libc++";
				CLANG_ENABLE_MODULES = YES;
				CLANG_ENABLE_OBJC_ARC = YES;
				CLANG_WARN_BOOL_CONVERSION = YES;
				CLANG_WARN_CONSTANT_CONVERSION = YES;
				CLANG_WARN_DIRECT_OBJC_ISA_USAGE = YES_ERROR;
				CLANG_WARN_EMPTY_BODY = YES;
				CLANG_WARN_ENUM_CONVERSION = YES;
				CLANG_WARN_INT_CONVERSION = YES;
				CLANG_WARN_OBJC_ROOT_CLASS = YES_ERROR;
				CLANG_WARN_UNREACHABLE_CODE = YES;
				CLANG_WARN__DUPLICATE_METHOD_MATCH = YES;
				"CODE_SIGN_IDENTITY[sdk=iphoneos*]" = "iPhone Developer";
				COPY_PHASE_STRIP = YES;
				ENABLE_NS_ASSERTIONS = NO;
				ENABLE_STRICT_OBJC_MSGSEND = YES;
				GCC_C_LANGUAGE_STANDARD = gnu99;
				GCC_WARN_64_TO_32_BIT_CONVERSION = YES;
				GCC_WARN_ABOUT_RETURN_TYPE = YES_ERROR;
				GCC_WARN_UNDECLARED_SELECTOR = YES;
				GCC_WARN_UNINITIALIZED_AUTOS = YES_AGGRESSIVE;
				GCC_WARN_UNUSED_FUNCTION = YES;
				GCC_WARN_UNUSED_VARIABLE = YES;
				IPHONEOS_DEPLOYMENT_TARGET = 8.1;
				MTL_ENABLE_DEBUG_INFO = NO;
				SDKROOT = iphoneos;
				TARGETED_DEVICE_FAMILY = "1,2";
				VALIDATE_PRODUCT = YES;
			};
			name = Release;
		};
		A5AF1D341A6F4AB10005B82B /* Debug */ = {
			isa = XCBuildConfiguration;
			buildSettings = {
				ASSETCATALOG_COMPILER_APPICON_NAME = AppIcon;
				INFOPLIST_FILE = Spruce/Info.plist;
				LD_RUNPATH_SEARCH_PATHS = "$(inherited) @executable_path/Frameworks";
				PRODUCT_NAME = "$(TARGET_NAME)";
			};
			name = Debug;
		};
		A5AF1D351A6F4AB10005B82B /* Release */ = {
			isa = XCBuildConfiguration;
			buildSettings = {
				ASSETCATALOG_COMPILER_APPICON_NAME = AppIcon;
				INFOPLIST_FILE = Spruce/Info.plist;
				LD_RUNPATH_SEARCH_PATHS = "$(inherited) @executable_path/Frameworks";
				PRODUCT_NAME = "$(TARGET_NAME)";
			};
			name = Release;
		};
		A5AF1D371A6F4AB10005B82B /* Debug */ = {
			isa = XCBuildConfiguration;
			buildSettings = {
				BUNDLE_LOADER = "$(TEST_HOST)";
				FRAMEWORK_SEARCH_PATHS = (
					"$(SDKROOT)/Developer/Library/Frameworks",
					"$(inherited)",
				);
				GCC_PREPROCESSOR_DEFINITIONS = (
					"DEBUG=1",
					"$(inherited)",
				);
				INFOPLIST_FILE = SpruceTests/Info.plist;
				LD_RUNPATH_SEARCH_PATHS = "$(inherited) @executable_path/Frameworks @loader_path/Frameworks";
				PRODUCT_NAME = "$(TARGET_NAME)";
				TEST_HOST = "$(BUILT_PRODUCTS_DIR)/Spruce.app/Spruce";
			};
			name = Debug;
		};
		A5AF1D381A6F4AB10005B82B /* Release */ = {
			isa = XCBuildConfiguration;
			buildSettings = {
				BUNDLE_LOADER = "$(TEST_HOST)";
				FRAMEWORK_SEARCH_PATHS = (
					"$(SDKROOT)/Developer/Library/Frameworks",
					"$(inherited)",
				);
				INFOPLIST_FILE = SpruceTests/Info.plist;
				LD_RUNPATH_SEARCH_PATHS = "$(inherited) @executable_path/Frameworks @loader_path/Frameworks";
				PRODUCT_NAME = "$(TARGET_NAME)";
				TEST_HOST = "$(BUILT_PRODUCTS_DIR)/Spruce.app/Spruce";
			};
			name = Release;
		};
/* End XCBuildConfiguration section */

/* Begin XCConfigurationList section */
		A5AF1D0C1A6F4AB10005B82B /* Build configuration list for PBXProject "Spruce" */ = {
			isa = XCConfigurationList;
			buildConfigurations = (
				A5AF1D311A6F4AB10005B82B /* Debug */,
				A5AF1D321A6F4AB10005B82B /* Release */,
			);
			defaultConfigurationIsVisible = 0;
			defaultConfigurationName = Release;
		};
		A5AF1D331A6F4AB10005B82B /* Build configuration list for PBXNativeTarget "Spruce" */ = {
			isa = XCConfigurationList;
			buildConfigurations = (
				A5AF1D341A6F4AB10005B82B /* Debug */,
				A5AF1D351A6F4AB10005B82B /* Release */,
			);
			defaultConfigurationIsVisible = 0;
			defaultConfigurationName = Release;
		};
		A5AF1D361A6F4AB10005B82B /* Build configuration list for PBXNativeTarget "SpruceTests" */ = {
			isa = XCConfigurationList;
			buildConfigurations = (
				A5AF1D371A6F4AB10005B82B /* Debug */,
				A5AF1D381A6F4AB10005B82B /* Release */,
			);
			defaultConfigurationIsVisible = 0;
			defaultConfigurationName = Release;
		};
/* End XCConfigurationList section */

/* Begin XCVersionGroup section */
		A5AF1D181A6F4AB10005B82B /* Spruce.xcdatamodeld */ = {
			isa = XCVersionGroup;
			children = (
				A5AF1D191A6F4AB10005B82B /* Spruce.xcdatamodel */,
			);
			currentVersion = A5AF1D191A6F4AB10005B82B /* Spruce.xcdatamodel */;
			path = Spruce.xcdatamodeld;
			sourceTree = "<group>";
			versionGroupType = wrapper.xcdatamodel;
		};
/* End XCVersionGroup section */
	};
	rootObject = A5AF1D091A6F4AB10005B82B /* Project object */;
}
